
Microsoft Visual Studio Solution File, Format Version 12.00
# Visual Studio 2013
VisualStudioVersion = 12.0.31101.0
MinimumVisualStudioVersion = 10.0.40219.1
Project("{FAE04EC0-301F-11D3-BF4B-00C04F79EFBC}") = "Client", "Client\Client.csproj", "{DE70E137-50DD-4356-B890-4DB90A61CEE8}"
EndProject
Project("{FAE04EC0-301F-11D3-BF4B-00C04F79EFBC}") = "Entities", "Entities\Entities.csproj", "{6DE38C48-38B1-4BB9-B599-1F104587B7A8}"
EndProject
Project("{FAE04EC0-301F-11D3-BF4B-00C04F79EFBC}") = "WebClient", "WebClient\WebClient.csproj", "{7A54F45E-4EAA-4726-B365-786A06BE08EB}"
EndProject
Global
	GlobalSection(SolutionConfigurationPlatforms) = preSolution
		Debug|Any CPU = Debug|Any CPU
		Release|Any CPU = Release|Any CPU
	EndGlobalSection
	GlobalSection(ProjectConfigurationPlatforms) = postSolution
		{DE70E137-50DD-4356-B890-4DB90A61CEE8}.Debug|Any CPU.ActiveCfg = Debug|Any CPU
		{DE70E137-50DD-4356-B890-4DB90A61CEE8}.Debug|Any CPU.Build.0 = Debug|Any CPU
		{DE70E137-50DD-4356-B890-4DB90A61CEE8}.Release|Any CPU.ActiveCfg = Release|Any CPU
		{DE70E137-50DD-4356-B890-4DB90A61CEE8}.Release|Any CPU.Build.0 = Release|Any CPU
		{6DE38C48-38B1-4BB9-B599-1F104587B7A8}.Debug|Any CPU.ActiveCfg = Debug|Any CPU
		{6DE38C48-38B1-4BB9-B599-1F104587B7A8}.Debug|Any CPU.Build.0 = Debug|Any CPU
		{6DE38C48-38B1-4BB9-B599-1F104587B7A8}.Release|Any CPU.ActiveCfg = Release|Any CPU
		{6DE38C48-38B1-4BB9-B599-1F104587B7A8}.Release|Any CPU.Build.0 = Release|Any CPU
		{7A54F45E-4EAA-4726-B365-786A06BE08EB}.Debug|Any CPU.ActiveCfg = Debug|Any CPU
		{7A54F45E-4EAA-4726-B365-786A06BE08EB}.Debug|Any CPU.Build.0 = Debug|Any CPU
		{7A54F45E-4EAA-4726-B365-786A06BE08EB}.Release|Any CPU.ActiveCfg = Release|Any CPU
		{7A54F45E-4EAA-4726-B365-786A06BE08EB}.Release|Any CPU.Build.0 = Release|Any CPU
	EndGlobalSection
	GlobalSection(SolutionProperties) = preSolution
		HideSolutionNode = FALSE
	EndGlobalSection
EndGlobal
